
Microsoft Visual Studio Solution File, Format Version 12.00
# Visual Studio Version 17
VisualStudioVersion = 17.9.34728.123
MinimumVisualStudioVersion = 10.0.40219.1
Project("{FAE04EC0-301F-11D3-BF4B-00C04F79EFBC}") = "DataAccess", "DataAccess\DataAccess.csproj", "{595B9AC5-2F26-4119-8259-4E14389A5058}"
EndProject
Project("{FAE04EC0-301F-11D3-BF4B-00C04F79EFBC}") = "Business", "Business\Business.csproj", "{0E2E5234-443F-40C8-AC47-72D566D89C23}"
EndProject
Project("{FAE04EC0-301F-11D3-BF4B-00C04F79EFBC}") = "Entities", "Entities\Entities.csproj", "{AC3151CD-2E38-4834-8AC5-26392D0AC632}"
EndProject
Project("{FAE04EC0-301F-11D3-BF4B-00C04F79EFBC}") = "ConsoleUI", "ConsoleUI\ConsoleUI.csproj", "{D5A6AF17-9CE5-4112-BF6E-F2CF1ABB1F88}"
EndProject
Global
	GlobalSection(SolutionConfigurationPlatforms) = preSolution
		Debug|Any CPU = Debug|Any CPU
		Release|Any CPU = Release|Any CPU
	EndGlobalSection
	GlobalSection(ProjectConfigurationPlatforms) = postSolution
		{595B9AC5-2F26-4119-8259-4E14389A5058}.Debug|Any CPU.ActiveCfg = Debug|Any CPU
		{595B9AC5-2F26-4119-8259-4E14389A5058}.Debug|Any CPU.Build.0 = Debug|Any CPU
		{595B9AC5-2F26-4119-8259-4E14389A5058}.Release|Any CPU.ActiveCfg = Release|Any CPU
		{595B9AC5-2F26-4119-8259-4E14389A5058}.Release|Any CPU.Build.0 = Release|Any CPU
		{0E2E5234-443F-40C8-AC47-72D566D89C23}.Debug|Any CPU.ActiveCfg = Debug|Any CPU
		{0E2E5234-443F-40C8-AC47-72D566D89C23}.Debug|Any CPU.Build.0 = Debug|Any CPU
		{0E2E5234-443F-40C8-AC47-72D566D89C23}.Release|Any CPU.ActiveCfg = Release|Any CPU
		{0E2E5234-443F-40C8-AC47-72D566D89C23}.Release|Any CPU.Build.0 = Release|Any CPU
		{AC3151CD-2E38-4834-8AC5-26392D0AC632}.Debug|Any CPU.ActiveCfg = Debug|Any CPU
		{AC3151CD-2E38-4834-8AC5-26392D0AC632}.Debug|Any CPU.Build.0 = Debug|Any CPU
		{AC3151CD-2E38-4834-8AC5-26392D0AC632}.Release|Any CPU.ActiveCfg = Release|Any CPU
		{AC3151CD-2E38-4834-8AC5-26392D0AC632}.Release|Any CPU.Build.0 = Release|Any CPU
		{D5A6AF17-9CE5-4112-BF6E-F2CF1ABB1F88}.Debug|Any CPU.ActiveCfg = Debug|Any CPU
		{D5A6AF17-9CE5-4112-BF6E-F2CF1ABB1F88}.Debug|Any CPU.Build.0 = Debug|Any CPU
		{D5A6AF17-9CE5-4112-BF6E-F2CF1ABB1F88}.Release|Any CPU.ActiveCfg = Release|Any CPU
		{D5A6AF17-9CE5-4112-BF6E-F2CF1ABB1F88}.Release|Any CPU.Build.0 = Release|Any CPU
	EndGlobalSection
	GlobalSection(SolutionProperties) = preSolution
		HideSolutionNode = FALSE
	EndGlobalSection
	GlobalSection(ExtensibilityGlobals) = postSolution
		SolutionGuid = {D02075B7-4C1D-4706-ACFF-20374470E09B}
	EndGlobalSection
EndGlobal
